// !$*UTF8*$!
{
	archiveVersion = 1;
	classes = {
	};
	objectVersion = 56;
	objects = {

/* Begin PBXBuildFile section */
		C078084E294031D800A3E3B1 /* QClapApp.swift in Sources */ = {isa = PBXBuildFile; fileRef = C078084D294031D800A3E3B1 /* QClapApp.swift */; };
		C0780850294031D800A3E3B1 /* ContentView.swift in Sources */ = {isa = PBXBuildFile; fileRef = C078084F294031D800A3E3B1 /* ContentView.swift */; };
		C0780852294031D900A3E3B1 /* Assets.xcassets in Resources */ = {isa = PBXBuildFile; fileRef = C0780851294031D900A3E3B1 /* Assets.xcassets */; };
		C0780855294031D900A3E3B1 /* Preview Assets.xcassets in Resources */ = {isa = PBXBuildFile; fileRef = C0780854294031D900A3E3B1 /* Preview Assets.xcassets */; };
		C078085F294031D900A3E3B1 /* QClapTests.swift in Sources */ = {isa = PBXBuildFile; fileRef = C078085E294031D900A3E3B1 /* QClapTests.swift */; };
		C0780869294031D900A3E3B1 /* QClapUITests.swift in Sources */ = {isa = PBXBuildFile; fileRef = C0780868294031D900A3E3B1 /* QClapUITests.swift */; };
		C078086B294031D900A3E3B1 /* QClapUITestsLaunchTests.swift in Sources */ = {isa = PBXBuildFile; fileRef = C078086A294031D900A3E3B1 /* QClapUITestsLaunchTests.swift */; };
/* End PBXBuildFile section */

/* Begin PBXContainerItemProxy section */
		C078085B294031D900A3E3B1 /* PBXContainerItemProxy */ = {
			isa = PBXContainerItemProxy;
			containerPortal = C0780842294031D800A3E3B1 /* Project object */;
			proxyType = 1;
			remoteGlobalIDString = C0780849294031D800A3E3B1;
			remoteInfo = QClap;
		};
		C0780865294031D900A3E3B1 /* PBXContainerItemProxy */ = {
			isa = PBXContainerItemProxy;
			containerPortal = C0780842294031D800A3E3B1 /* Project object */;
			proxyType = 1;
			remoteGlobalIDString = C0780849294031D800A3E3B1;
			remoteInfo = QClap;
		};
/* End PBXContainerItemProxy section */

/* Begin PBXFileReference section */
		C078084A294031D800A3E3B1 /* QClap.app */ = {isa = PBXFileReference; explicitFileType = wrapper.application; includeInIndex = 0; path = QClap.app; sourceTree = BUILT_PRODUCTS_DIR; };
		C078084D294031D800A3E3B1 /* QClapApp.swift */ = {isa = PBXFileReference; lastKnownFileType = sourcecode.swift; path = QClapApp.swift; sourceTree = "<group>"; };
		C078084F294031D800A3E3B1 /* ContentView.swift */ = {isa = PBXFileReference; lastKnownFileType = sourcecode.swift; path = ContentView.swift; sourceTree = "<group>"; };
		C0780851294031D900A3E3B1 /* Assets.xcassets */ = {isa = PBXFileReference; lastKnownFileType = folder.assetcatalog; path = Assets.xcassets; sourceTree = "<group>"; };
		C0780854294031D900A3E3B1 /* Preview Assets.xcassets */ = {isa = PBXFileReference; lastKnownFileType = folder.assetcatalog; path = "Preview Assets.xcassets"; sourceTree = "<group>"; };
		C078085A294031D900A3E3B1 /* QClapTests.xctest */ = {isa = PBXFileReference; explicitFileType = wrapper.cfbundle; includeInIndex = 0; path = QClapTests.xctest; sourceTree = BUILT_PRODUCTS_DIR; };
		C078085E294031D900A3E3B1 /* QClapTests.swift */ = {isa = PBXFileReference; lastKnownFileType = sourcecode.swift; path = QClapTests.swift; sourceTree = "<group>"; };
		C0780864294031D900A3E3B1 /* QClapUITests.xctest */ = {isa = PBXFileReference; explicitFileType = wrapper.cfbundle; includeInIndex = 0; path = QClapUITests.xctest; sourceTree = BUILT_PRODUCTS_DIR; };
		C0780868294031D900A3E3B1 /* QClapUITests.swift */ = {isa = PBXFileReference; lastKnownFileType = sourcecode.swift; path = QClapUITests.swift; sourceTree = "<group>"; };
		C078086A294031D900A3E3B1 /* QClapUITestsLaunchTests.swift */ = {isa = PBXFileReference; lastKnownFileType = sourcecode.swift; path = QClapUITestsLaunchTests.swift; sourceTree = "<group>"; };
/* End PBXFileReference section */

/* Begin PBXFrameworksBuildPhase section */
		C0780847294031D800A3E3B1 /* Frameworks */ = {
			isa = PBXFrameworksBuildPhase;
			buildActionMask = 2147483647;
			files = (
			);
			runOnlyForDeploymentPostprocessing = 0;
		};
		C0780857294031D900A3E3B1 /* Frameworks */ = {
			isa = PBXFrameworksBuildPhase;
			buildActionMask = 2147483647;
			files = (
			);
			runOnlyForDeploymentPostprocessing = 0;
		};
		C0780861294031D900A3E3B1 /* Frameworks */ = {
			isa = PBXFrameworksBuildPhase;
			buildActionMask = 2147483647;
			files = (
			);
			runOnlyForDeploymentPostprocessing = 0;
		};
/* End PBXFrameworksBuildPhase section */

/* Begin PBXGroup section */
		C0780841294031D800A3E3B1 = {
			isa = PBXGroup;
			children = (
				C078084C294031D800A3E3B1 /* QClap */,
				C078085D294031D900A3E3B1 /* QClapTests */,
				C0780867294031D900A3E3B1 /* QClapUITests */,
				C078084B294031D800A3E3B1 /* Products */,
			);
			sourceTree = "<group>";
		};
		C078084B294031D800A3E3B1 /* Products */ = {
			isa = PBXGroup;
			children = (
				C078084A294031D800A3E3B1 /* QClap.app */,
				C078085A294031D900A3E3B1 /* QClapTests.xctest */,
				C0780864294031D900A3E3B1 /* QClapUITests.xctest */,
			);
			name = Products;
			sourceTree = "<group>";
		};
		C078084C294031D800A3E3B1 /* QClap */ = {
			isa = PBXGroup;
			children = (
				C078084D294031D800A3E3B1 /* QClapApp.swift */,
				C078084F294031D800A3E3B1 /* ContentView.swift */,
				C0780851294031D900A3E3B1 /* Assets.xcassets */,
				C0780853294031D900A3E3B1 /* Preview Content */,
			);
			path = QClap;
			sourceTree = "<group>";
		};
		C0780853294031D900A3E3B1 /* Preview Content */ = {
			isa = PBXGroup;
			children = (
				C0780854294031D900A3E3B1 /* Preview Assets.xcassets */,
			);
			path = "Preview Content";
			sourceTree = "<group>";
		};
		C078085D294031D900A3E3B1 /* QClapTests */ = {
			isa = PBXGroup;
			children = (
				C078085E294031D900A3E3B1 /* QClapTests.swift */,
			);
			path = QClapTests;
			sourceTree = "<group>";
		};
		C0780867294031D900A3E3B1 /* QClapUITests */ = {
			isa = PBXGroup;
			children = (
				C0780868294031D900A3E3B1 /* QClapUITests.swift */,
				C078086A294031D900A3E3B1 /* QClapUITestsLaunchTests.swift */,
			);
			path = QClapUITests;
			sourceTree = "<group>";
		};
/* End PBXGroup section */

/* Begin PBXNativeTarget section */
		C0780849294031D800A3E3B1 /* QClap */ = {
			isa = PBXNativeTarget;
			buildConfigurationList = C078086E294031D900A3E3B1 /* Build configuration list for PBXNativeTarget "QClap" */;
			buildPhases = (
				C0780846294031D800A3E3B1 /* Sources */,
				C0780847294031D800A3E3B1 /* Frameworks */,
				C0780848294031D800A3E3B1 /* Resources */,
			);
			buildRules = (
			);
			dependencies = (
			);
			name = QClap;
			productName = QClap;
			productReference = C078084A294031D800A3E3B1 /* QClap.app */;
			productType = "com.apple.product-type.application";
		};
		C0780859294031D900A3E3B1 /* QClapTests */ = {
			isa = PBXNativeTarget;
			buildConfigurationList = C0780871294031D900A3E3B1 /* Build configuration list for PBXNativeTarget "QClapTests" */;
			buildPhases = (
				C0780856294031D900A3E3B1 /* Sources */,
				C0780857294031D900A3E3B1 /* Frameworks */,
				C0780858294031D900A3E3B1 /* Resources */,
			);
			buildRules = (
			);
			dependencies = (
				C078085C294031D900A3E3B1 /* PBXTargetDependency */,
			);
			name = QClapTests;
			productName = QClapTests;
			productReference = C078085A294031D900A3E3B1 /* QClapTests.xctest */;
			productType = "com.apple.product-type.bundle.unit-test";
		};
		C0780863294031D900A3E3B1 /* QClapUITests */ = {
			isa = PBXNativeTarget;
			buildConfigurationList = C0780874294031D900A3E3B1 /* Build configuration list for PBXNativeTarget "QClapUITests" */;
			buildPhases = (
				C0780860294031D900A3E3B1 /* Sources */,
				C0780861294031D900A3E3B1 /* Frameworks */,
				C0780862294031D900A3E3B1 /* Resources */,
			);
			buildRules = (
			);
			dependencies = (
				C0780866294031D900A3E3B1 /* PBXTargetDependency */,
			);
			name = QClapUITests;
			productName = QClapUITests;
			productReference = C0780864294031D900A3E3B1 /* QClapUITests.xctest */;
			productType = "com.apple.product-type.bundle.ui-testing";
		};
/* End PBXNativeTarget section */

/* Begin PBXProject section */
		C0780842294031D800A3E3B1 /* Project object */ = {
			isa = PBXProject;
			attributes = {
				BuildIndependentTargetsInParallel = 1;
				LastSwiftUpdateCheck = 1410;
				LastUpgradeCheck = 1410;
				TargetAttributes = {
					C0780849294031D800A3E3B1 = {
						CreatedOnToolsVersion = 14.1;
					};
					C0780859294031D900A3E3B1 = {
						CreatedOnToolsVersion = 14.1;
						TestTargetID = C0780849294031D800A3E3B1;
					};
					C0780863294031D900A3E3B1 = {
						CreatedOnToolsVersion = 14.1;
						TestTargetID = C0780849294031D800A3E3B1;
					};
				};
			};
			buildConfigurationList = C0780845294031D800A3E3B1 /* Build configuration list for PBXProject "QClap" */;
			compatibilityVersion = "Xcode 14.0";
			developmentRegion = en;
			hasScannedForEncodings = 0;
			knownRegions = (
				en,
				Base,
			);
			mainGroup = C0780841294031D800A3E3B1;
			productRefGroup = C078084B294031D800A3E3B1 /* Products */;
			projectDirPath = "";
			projectRoot = "";
			targets = (
				C0780849294031D800A3E3B1 /* QClap */,
				C0780859294031D900A3E3B1 /* QClapTests */,
				C0780863294031D900A3E3B1 /* QClapUITests */,
			);
		};
/* End PBXProject section */

/* Begin PBXResourcesBuildPhase section */
		C0780848294031D800A3E3B1 /* Resources */ = {
			isa = PBXResourcesBuildPhase;
			buildActionMask = 2147483647;
			files = (
				C0780855294031D900A3E3B1 /* Preview Assets.xcassets in Resources */,
				C0780852294031D900A3E3B1 /* Assets.xcassets in Resources */,
			);
			runOnlyForDeploymentPostprocessing = 0;
		};
		C0780858294031D900A3E3B1 /* Resources */ = {
			isa = PBXResourcesBuildPhase;
			buildActionMask = 2147483647;
			files = (
			);
			runOnlyForDeploymentPostprocessing = 0;
		};
		C0780862294031D900A3E3B1 /* Resources */ = {
			isa = PBXResourcesBuildPhase;
			buildActionMask = 2147483647;
			files = (
			);
			runOnlyForDeploymentPostprocessing = 0;
		};
/* End PBXResourcesBuildPhase section */

/* Begin PBXSourcesBuildPhase section */
		C0780846294031D800A3E3B1 /* Sources */ = {
			isa = PBXSourcesBuildPhase;
			buildActionMask = 2147483647;
			files = (
				C0780850294031D800A3E3B1 /* ContentView.swift in Sources */,
				C078084E294031D800A3E3B1 /* QClapApp.swift in Sources */,
			);
			runOnlyForDeploymentPostprocessing = 0;
		};
		C0780856294031D900A3E3B1 /* Sources */ = {
			isa = PBXSourcesBuildPhase;
			buildActionMask = 2147483647;
			files = (
				C078085F294031D900A3E3B1 /* QClapTests.swift in Sources */,
			);
			runOnlyForDeploymentPostprocessing = 0;
		};
		C0780860294031D900A3E3B1 /* Sources */ = {
			isa = PBXSourcesBuildPhase;
			buildActionMask = 2147483647;
			files = (
				C078086B294031D900A3E3B1 /* QClapUITestsLaunchTests.swift in Sources */,
				C0780869294031D900A3E3B1 /* QClapUITests.swift in Sources */,
			);
			runOnlyForDeploymentPostprocessing = 0;
		};
/* End PBXSourcesBuildPhase section */

/* Begin PBXTargetDependency section */
		C078085C294031D900A3E3B1 /* PBXTargetDependency */ = {
			isa = PBXTargetDependency;
			target = C0780849294031D800A3E3B1 /* QClap */;
			targetProxy = C078085B294031D900A3E3B1 /* PBXContainerItemProxy */;
		};
		C0780866294031D900A3E3B1 /* PBXTargetDependency */ = {
			isa = PBXTargetDependency;
			target = C0780849294031D800A3E3B1 /* QClap */;
			targetProxy = C0780865294031D900A3E3B1 /* PBXContainerItemProxy */;
		};
/* End PBXTargetDependency section */

/* Begin XCBuildConfiguration section */
		C078086C294031D900A3E3B1 /* Debug */ = {
			isa = XCBuildConfiguration;
			buildSettings = {
				ALWAYS_SEARCH_USER_PATHS = NO;
				CLANG_ANALYZER_NONNULL = YES;
				CLANG_ANALYZER_NUMBER_OBJECT_CONVERSION = YES_AGGRESSIVE;
				CLANG_CXX_LANGUAGE_STANDARD = "gnu++20";
				CLANG_ENABLE_MODULES = YES;
				CLANG_ENABLE_OBJC_ARC = YES;
				CLANG_ENABLE_OBJC_WEAK = YES;
				CLANG_WARN_BLOCK_CAPTURE_AUTORELEASING = YES;
				CLANG_WARN_BOOL_CONVERSION = YES;
				CLANG_WARN_COMMA = YES;
				CLANG_WARN_CONSTANT_CONVERSION = YES;
				CLANG_WARN_DEPRECATED_OBJC_IMPLEMENTATIONS = YES;
				CLANG_WARN_DIRECT_OBJC_ISA_USAGE = YES_ERROR;
				CLANG_WARN_DOCUMENTATION_COMMENTS = YES;
				CLANG_WARN_EMPTY_BODY = YES;
				CLANG_WARN_ENUM_CONVERSION = YES;
				CLANG_WARN_INFINITE_RECURSION = YES;
				CLANG_WARN_INT_CONVERSION = YES;
				CLANG_WARN_NON_LITERAL_NULL_CONVERSION = YES;
				CLANG_WARN_OBJC_IMPLICIT_RETAIN_SELF = YES;
				CLANG_WARN_OBJC_LITERAL_CONVERSION = YES;
				CLANG_WARN_OBJC_ROOT_CLASS = YES_ERROR;
				CLANG_WARN_QUOTED_INCLUDE_IN_FRAMEWORK_HEADER = YES;
				CLANG_WARN_RANGE_LOOP_ANALYSIS = YES;
				CLANG_WARN_STRICT_PROTOTYPES = YES;
				CLANG_WARN_SUSPICIOUS_MOVE = YES;
				CLANG_WARN_UNGUARDED_AVAILABILITY = YES_AGGRESSIVE;
				CLANG_WARN_UNREACHABLE_CODE = YES;
				CLANG_WARN__DUPLICATE_METHOD_MATCH = YES;
				COPY_PHASE_STRIP = NO;
				DEBUG_INFORMATION_FORMAT = dwarf;
				ENABLE_STRICT_OBJC_MSGSEND = YES;
				ENABLE_TESTABILITY = YES;
				GCC_C_LANGUAGE_STANDARD = gnu11;
				GCC_DYNAMIC_NO_PIC = NO;
				GCC_NO_COMMON_BLOCKS = YES;
				GCC_OPTIMIZATION_LEVEL = 0;
				GCC_PREPROCESSOR_DEFINITIONS = (
					"DEBUG=1",
					"$(inherited)",
				);
				GCC_WARN_64_TO_32_BIT_CONVERSION = YES;
				GCC_WARN_ABOUT_RETURN_TYPE = YES_ERROR;
				GCC_WARN_UNDECLARED_SELECTOR = YES;
				GCC_WARN_UNINITIALIZED_AUTOS = YES_AGGRESSIVE;
				GCC_WARN_UNUSED_FUNCTION = YES;
				GCC_WARN_UNUSED_VARIABLE = YES;
				IPHONEOS_DEPLOYMENT_TARGET = 16.1;
				MTL_ENABLE_DEBUG_INFO = INCLUDE_SOURCE;
				MTL_FAST_MATH = YES;
				ONLY_ACTIVE_ARCH = YES;
				SDKROOT = iphoneos;
				SWIFT_ACTIVE_COMPILATION_CONDITIONS = DEBUG;
				SWIFT_OPTIMIZATION_LEVEL = "-Onone";
			};
			name = Debug;
		};
		C078086D294031D900A3E3B1 /* Release */ = {
			isa = XCBuildConfiguration;
			buildSettings = {
				ALWAYS_SEARCH_USER_PATHS = NO;
				CLANG_ANALYZER_NONNULL = YES;
				CLANG_ANALYZER_NUMBER_OBJECT_CONVERSION = YES_AGGRESSIVE;
				CLANG_CXX_LANGUAGE_STANDARD = "gnu++20";
				CLANG_ENABLE_MODULES = YES;
				CLANG_ENABLE_OBJC_ARC = YES;
				CLANG_ENABLE_OBJC_WEAK = YES;
				CLANG_WARN_BLOCK_CAPTURE_AUTORELEASING = YES;
				CLANG_WARN_BOOL_CONVERSION = YES;
				CLANG_WARN_COMMA = YES;
				CLANG_WARN_CONSTANT_CONVERSION = YES;
				CLANG_WARN_DEPRECATED_OBJC_IMPLEMENTATIONS = YES;
				CLANG_WARN_DIRECT_OBJC_ISA_USAGE = YES_ERROR;
				CLANG_WARN_DOCUMENTATION_COMMENTS = YES;
				CLANG_WARN_EMPTY_BODY = YES;
				CLANG_WARN_ENUM_CONVERSION = YES;
				CLANG_WARN_INFINITE_RECURSION = YES;
				CLANG_WARN_INT_CONVERSION = YES;
				CLANG_WARN_NON_LITERAL_NULL_CONVERSION = YES;
				CLANG_WARN_OBJC_IMPLICIT_RETAIN_SELF = YES;
				CLANG_WARN_OBJC_LITERAL_CONVERSION = YES;
				CLANG_WARN_OBJC_ROOT_CLASS = YES_ERROR;
				CLANG_WARN_QUOTED_INCLUDE_IN_FRAMEWORK_HEADER = YES;
				CLANG_WARN_RANGE_LOOP_ANALYSIS = YES;
				CLANG_WARN_STRICT_PROTOTYPES = YES;
				CLANG_WARN_SUSPICIOUS_MOVE = YES;
				CLANG_WARN_UNGUARDED_AVAILABILITY = YES_AGGRESSIVE;
				CLANG_WARN_UNREACHABLE_CODE = YES;
				CLANG_WARN__DUPLICATE_METHOD_MATCH = YES;
				COPY_PHASE_STRIP = NO;
				DEBUG_INFORMATION_FORMAT = "dwarf-with-dsym";
				ENABLE_NS_ASSERTIONS = NO;
				ENABLE_STRICT_OBJC_MSGSEND = YES;
				GCC_C_LANGUAGE_STANDARD = gnu11;
				GCC_NO_COMMON_BLOCKS = YES;
				GCC_WARN_64_TO_32_BIT_CONVERSION = YES;
				GCC_WARN_ABOUT_RETURN_TYPE = YES_ERROR;
				GCC_WARN_UNDECLARED_SELECTOR = YES;
				GCC_WARN_UNINITIALIZED_AUTOS = YES_AGGRESSIVE;
				GCC_WARN_UNUSED_FUNCTION = YES;
				GCC_WARN_UNUSED_VARIABLE = YES;
				IPHONEOS_DEPLOYMENT_TARGET = 16.1;
				MTL_ENABLE_DEBUG_INFO = NO;
				MTL_FAST_MATH = YES;
				SDKROOT = iphoneos;
				SWIFT_COMPILATION_MODE = wholemodule;
				SWIFT_OPTIMIZATION_LEVEL = "-O";
				VALIDATE_PRODUCT = YES;
			};
			name = Release;
		};
		C078086F294031D900A3E3B1 /* Debug */ = {
			isa = XCBuildConfiguration;
			buildSettings = {
				ASSETCATALOG_COMPILER_APPICON_NAME = AppIcon;
				ASSETCATALOG_COMPILER_GLOBAL_ACCENT_COLOR_NAME = AccentColor;
				CODE_SIGN_STYLE = Automatic;
				CURRENT_PROJECT_VERSION = 1;
				DEVELOPMENT_ASSET_PATHS = "\"QClap/Preview Content\"";
				ENABLE_PREVIEWS = YES;
				GENERATE_INFOPLIST_FILE = YES;
				INFOPLIST_KEY_UIApplicationSceneManifest_Generation = YES;
				INFOPLIST_KEY_UIApplicationSupportsIndirectInputEvents = YES;
				INFOPLIST_KEY_UILaunchScreen_Generation = YES;
				INFOPLIST_KEY_UISupportedInterfaceOrientations_iPad = "UIInterfaceOrientationPortrait UIInterfaceOrientationPortraitUpsideDown UIInterfaceOrientationLandscapeLeft UIInterfaceOrientationLandscapeRight";
				INFOPLIST_KEY_UISupportedInterfaceOrientations_iPhone = "UIInterfaceOrientationPortrait UIInterfaceOrientationLandscapeLeft UIInterfaceOrientationLandscapeRight";
				LD_RUNPATH_SEARCH_PATHS = (
					"$(inherited)",
					"@executable_path/Frameworks",
				);
				MARKETING_VERSION = 1.0;
				PRODUCT_BUNDLE_IDENTIFIER = CinnamonCinema.QClap;
				PRODUCT_NAME = "$(TARGET_NAME)";
				SWIFT_EMIT_LOC_STRINGS = YES;
				SWIFT_VERSION = 5.0;
				TARGETED_DEVICE_FAMILY = "1,2";
			};
			name = Debug;
		};
		C0780870294031D900A3E3B1 /* Release */ = {
			isa = XCBuildConfiguration;
			buildSettings = {
				ASSETCATALOG_COMPILER_APPICON_NAME = AppIcon;
				ASSETCATALOG_COMPILER_GLOBAL_ACCENT_COLOR_NAME = AccentColor;
				CODE_SIGN_STYLE = Automatic;
				CURRENT_PROJECT_VERSION = 1;
				DEVELOPMENT_ASSET_PATHS = "\"QClap/Preview Content\"";
				ENABLE_PREVIEWS = YES;
				GENERATE_INFOPLIST_FILE = YES;
				INFOPLIST_KEY_UIApplicationSceneManifest_Generation = YES;
				INFOPLIST_KEY_UIApplicationSupportsIndirectInputEvents = YES;
				INFOPLIST_KEY_UILaunchScreen_Generation = YES;
				INFOPLIST_KEY_UISupportedInterfaceOrientations_iPad = "UIInterfaceOrientationPortrait UIInterfaceOrientationPortraitUpsideDown UIInterfaceOrientationLandscapeLeft UIInterfaceOrientationLandscapeRight";
				INFOPLIST_KEY_UISupportedInterfaceOrientations_iPhone = "UIInterfaceOrientationPortrait UIInterfaceOrientationLandscapeLeft UIInterfaceOrientationLandscapeRight";
				LD_RUNPATH_SEARCH_PATHS = (
					"$(inherited)",
					"@executable_path/Frameworks",
				);
				MARKETING_VERSION = 1.0;
				PRODUCT_BUNDLE_IDENTIFIER = CinnamonCinema.QClap;
				PRODUCT_NAME = "$(TARGET_NAME)";
				SWIFT_EMIT_LOC_STRINGS = YES;
				SWIFT_VERSION = 5.0;
				TARGETED_DEVICE_FAMILY = "1,2";
			};
			name = Release;
		};
		C0780872294031D900A3E3B1 /* Debug */ = {
			isa = XCBuildConfiguration;
			buildSettings = {
				ALWAYS_EMBED_SWIFT_STANDARD_LIBRARIES = YES;
				BUNDLE_LOADER = "$(TEST_HOST)";
				CODE_SIGN_STYLE = Automatic;
				CURRENT_PROJECT_VERSION = 1;
				GENERATE_INFOPLIST_FILE = YES;
				IPHONEOS_DEPLOYMENT_TARGET = 16.1;
				MARKETING_VERSION = 1.0;
				PRODUCT_BUNDLE_IDENTIFIER = CinnamonCinema.QClapTests;
				PRODUCT_NAME = "$(TARGET_NAME)";
				SWIFT_EMIT_LOC_STRINGS = NO;
				SWIFT_VERSION = 5.0;
				TARGETED_DEVICE_FAMILY = "1,2";
				TEST_HOST = "$(BUILT_PRODUCTS_DIR)/QClap.app/$(BUNDLE_EXECUTABLE_FOLDER_PATH)/QClap";
			};
			name = Debug;
		};
		C0780873294031D900A3E3B1 /* Release */ = {
			isa = XCBuildConfiguration;
			buildSettings = {
				ALWAYS_EMBED_SWIFT_STANDARD_LIBRARIES = YES;
				BUNDLE_LOADER = "$(TEST_HOST)";
				CODE_SIGN_STYLE = Automatic;
				CURRENT_PROJECT_VERSION = 1;
				GENERATE_INFOPLIST_FILE = YES;
				IPHONEOS_DEPLOYMENT_TARGET = 16.1;
				MARKETING_VERSION = 1.0;
				PRODUCT_BUNDLE_IDENTIFIER = CinnamonCinema.QClapTests;
				PRODUCT_NAME = "$(TARGET_NAME)";
				SWIFT_EMIT_LOC_STRINGS = NO;
				SWIFT_VERSION = 5.0;
				TARGETED_DEVICE_FAMILY = "1,2";
				TEST_HOST = "$(BUILT_PRODUCTS_DIR)/QClap.app/$(BUNDLE_EXECUTABLE_FOLDER_PATH)/QClap";
			};
			name = Release;
		};
		C0780875294031D900A3E3B1 /* Debug */ = {
			isa = XCBuildConfiguration;
			buildSettings = {
				ALWAYS_EMBED_SWIFT_STANDARD_LIBRARIES = YES;
				CODE_SIGN_STYLE = Automatic;
				CURRENT_PROJECT_VERSION = 1;
				GENERATE_INFOPLIST_FILE = YES;
				MARKETING_VERSION = 1.0;
				PRODUCT_BUNDLE_IDENTIFIER = CinnamonCinema.QClapUITests;
				PRODUCT_NAME = "$(TARGET_NAME)";
				SWIFT_EMIT_LOC_STRINGS = NO;
				SWIFT_VERSION = 5.0;
				TARGETED_DEVICE_FAMILY = "1,2";
				TEST_TARGET_NAME = QClap;
			};
			name = Debug;
		};
		C0780876294031D900A3E3B1 /* Release */ = {
			isa = XCBuildConfiguration;
			buildSettings = {
				ALWAYS_EMBED_SWIFT_STANDARD_LIBRARIES = YES;
				CODE_SIGN_STYLE = Automatic;
				CURRENT_PROJECT_VERSION = 1;
				GENERATE_INFOPLIST_FILE = YES;
				MARKETING_VERSION = 1.0;
				PRODUCT_BUNDLE_IDENTIFIER = CinnamonCinema.QClapUITests;
				PRODUCT_NAME = "$(TARGET_NAME)";
				SWIFT_EMIT_LOC_STRINGS = NO;
				SWIFT_VERSION = 5.0;
				TARGETED_DEVICE_FAMILY = "1,2";
				TEST_TARGET_NAME = QClap;
			};
			name = Release;
		};
/* End XCBuildConfiguration section */

/* Begin XCConfigurationList section */
		C0780845294031D800A3E3B1 /* Build configuration list for PBXProject "QClap" */ = {
			isa = XCConfigurationList;
			buildConfigurations = (
				C078086C294031D900A3E3B1 /* Debug */,
				C078086D294031D900A3E3B1 /* Release */,
			);
			defaultConfigurationIsVisible = 0;
			defaultConfigurationName = Release;
		};
		C078086E294031D900A3E3B1 /* Build configuration list for PBXNativeTarget "QClap" */ = {
			isa = XCConfigurationList;
			buildConfigurations = (
				C078086F294031D900A3E3B1 /* Debug */,
				C0780870294031D900A3E3B1 /* Release */,
			);
			defaultConfigurationIsVisible = 0;
			defaultConfigurationName = Release;
		};
		C0780871294031D900A3E3B1 /* Build configuration list for PBXNativeTarget "QClapTests" */ = {
			isa = XCConfigurationList;
			buildConfigurations = (
				C0780872294031D900A3E3B1 /* Debug */,
				C0780873294031D900A3E3B1 /* Release */,
			);
			defaultConfigurationIsVisible = 0;
			defaultConfigurationName = Release;
		};
		C0780874294031D900A3E3B1 /* Build configuration list for PBXNativeTarget "QClapUITests" */ = {
			isa = XCConfigurationList;
			buildConfigurations = (
				C0780875294031D900A3E3B1 /* Debug */,
				C0780876294031D900A3E3B1 /* Release */,
			);
			defaultConfigurationIsVisible = 0;
			defaultConfigurationName = Release;
		};
/* End XCConfigurationList section */
	};
	rootObject = C0780842294031D800A3E3B1 /* Project object */;
}
